
Microsoft Visual Studio Solution File, Format Version 12.00
# Visual Studio 14
VisualStudioVersion = 14.0.25420.1
MinimumVisualStudioVersion = 10.0.40219.1
Project("{2150E333-8FDC-42A3-9474-1A3956D46DE8}") = "0 - Presentation", "0 - Presentation", "{C3D86C67-1842-4049-846B-DAE66CF5DD58}"
EndProject
Project("{2150E333-8FDC-42A3-9474-1A3956D46DE8}") = "1 - Services", "1 - Services", "{1E20DF55-C553-46EE-8101-F16AB68744E4}"
EndProject
Project("{2150E333-8FDC-42A3-9474-1A3956D46DE8}") = "2 - Application", "2 - Application", "{AF6B19AF-3D9D-41B8-AAAB-DFF410FD7047}"
EndProject
Project("{2150E333-8FDC-42A3-9474-1A3956D46DE8}") = "3 - Domain", "3 - Domain", "{E75F3C34-EF82-4A73-8250-955534503FF1}"
EndProject
Project("{2150E333-8FDC-42A3-9474-1A3956D46DE8}") = "4 - Infra", "4 - Infra", "{A3EC6D96-628C-4014-9AC3-1E3D125EC6B8}"
EndProject
Project("{FAE04EC0-301F-11D3-BF4B-00C04F79EFBC}") = "SistemaG9.Domain", "SistemaG9.Domain\SistemaG9.Domain.csproj", "{B375229D-DFA4-4864-B19D-E2C692C130C7}"
EndProject
Project("{2150E333-8FDC-42A3-9474-1A3956D46DE8}") = "4.1 - Data", "4.1 - Data", "{3E04E8D7-DCB4-404A-A797-61EA21C88561}"
EndProject
Project("{2150E333-8FDC-42A3-9474-1A3956D46DE8}") = "4.2 - CrossCutting", "4.2 - CrossCutting", "{63DD7F2B-5BBA-4015-AEAC-20AF389C7590}"
EndProject
Project("{FAE04EC0-301F-11D3-BF4B-00C04F79EFBC}") = "SistemaG9.Infra.Data", "SistemaG9.Infra.Data\SistemaG9.Infra.Data.csproj", "{522D0563-A7D7-4288-8462-39AD3FE89240}"
EndProject
Project("{FAE04EC0-301F-11D3-BF4B-00C04F79EFBC}") = "SistemaG9.Infra.CrossCutting.Ioc", "SistemaG9.Infra.CrossCutting.Ioc\SistemaG9.Infra.CrossCutting.Ioc.csproj", "{86B1C7A7-A3A1-4432-9370-60990AF0CA7A}"
EndProject
Project("{FAE04EC0-301F-11D3-BF4B-00C04F79EFBC}") = "SistemaG9.Aplication", "SistemaG9.Aplication\SistemaG9.Aplication.csproj", "{C2F53FDE-D3B5-4847-BA9A-8F55EF7D3A20}"
EndProject
Project("{FAE04EC0-301F-11D3-BF4B-00C04F79EFBC}") = "SistemaG9.Infra.CrossCutting.Security", "SistemaG9.Infra.CrossCutting.Security\SistemaG9.Infra.CrossCutting.Security.csproj", "{1703AB85-3A6D-43E7-B339-D81FE77EF015}"
EndProject
Project("{FAE04EC0-301F-11D3-BF4B-00C04F79EFBC}") = "SistemaG9.Web", "SistemaG9.Web\SistemaG9.Web.csproj", "{02D78F6D-234F-4C30-AF57-F8D9FC33DDB4}"
EndProject
Project("{FAE04EC0-301F-11D3-BF4B-00C04F79EFBC}") = "SistemaG9.Service", "SistemaG9.Service\SistemaG9.Service.csproj", "{4B724137-A1B2-46A2-93AB-AD0BF5EECCED}"
EndProject
Global
	GlobalSection(SolutionConfigurationPlatforms) = preSolution
		Debug|Any CPU = Debug|Any CPU
		Release|Any CPU = Release|Any CPU
	EndGlobalSection
	GlobalSection(ProjectConfigurationPlatforms) = postSolution
		{B375229D-DFA4-4864-B19D-E2C692C130C7}.Debug|Any CPU.ActiveCfg = Debug|Any CPU
		{B375229D-DFA4-4864-B19D-E2C692C130C7}.Debug|Any CPU.Build.0 = Debug|Any CPU
		{B375229D-DFA4-4864-B19D-E2C692C130C7}.Release|Any CPU.ActiveCfg = Release|Any CPU
		{B375229D-DFA4-4864-B19D-E2C692C130C7}.Release|Any CPU.Build.0 = Release|Any CPU
		{522D0563-A7D7-4288-8462-39AD3FE89240}.Debug|Any CPU.ActiveCfg = Debug|Any CPU
		{522D0563-A7D7-4288-8462-39AD3FE89240}.Debug|Any CPU.Build.0 = Debug|Any CPU
		{522D0563-A7D7-4288-8462-39AD3FE89240}.Release|Any CPU.ActiveCfg = Release|Any CPU
		{522D0563-A7D7-4288-8462-39AD3FE89240}.Release|Any CPU.Build.0 = Release|Any CPU
		{86B1C7A7-A3A1-4432-9370-60990AF0CA7A}.Debug|Any CPU.ActiveCfg = Debug|Any CPU
		{86B1C7A7-A3A1-4432-9370-60990AF0CA7A}.Debug|Any CPU.Build.0 = Debug|Any CPU
		{86B1C7A7-A3A1-4432-9370-60990AF0CA7A}.Release|Any CPU.ActiveCfg = Release|Any CPU
		{86B1C7A7-A3A1-4432-9370-60990AF0CA7A}.Release|Any CPU.Build.0 = Release|Any CPU
		{C2F53FDE-D3B5-4847-BA9A-8F55EF7D3A20}.Debug|Any CPU.ActiveCfg = Debug|Any CPU
		{C2F53FDE-D3B5-4847-BA9A-8F55EF7D3A20}.Debug|Any CPU.Build.0 = Debug|Any CPU
		{C2F53FDE-D3B5-4847-BA9A-8F55EF7D3A20}.Release|Any CPU.ActiveCfg = Release|Any CPU
		{C2F53FDE-D3B5-4847-BA9A-8F55EF7D3A20}.Release|Any CPU.Build.0 = Release|Any CPU
		{1703AB85-3A6D-43E7-B339-D81FE77EF015}.Debug|Any CPU.ActiveCfg = Debug|Any CPU
		{1703AB85-3A6D-43E7-B339-D81FE77EF015}.Debug|Any CPU.Build.0 = Debug|Any CPU
		{1703AB85-3A6D-43E7-B339-D81FE77EF015}.Release|Any CPU.ActiveCfg = Release|Any CPU
		{1703AB85-3A6D-43E7-B339-D81FE77EF015}.Release|Any CPU.Build.0 = Release|Any CPU
		{02D78F6D-234F-4C30-AF57-F8D9FC33DDB4}.Debug|Any CPU.ActiveCfg = Debug|Any CPU
		{02D78F6D-234F-4C30-AF57-F8D9FC33DDB4}.Debug|Any CPU.Build.0 = Debug|Any CPU
		{02D78F6D-234F-4C30-AF57-F8D9FC33DDB4}.Release|Any CPU.ActiveCfg = Release|Any CPU
		{02D78F6D-234F-4C30-AF57-F8D9FC33DDB4}.Release|Any CPU.Build.0 = Release|Any CPU
		{4B724137-A1B2-46A2-93AB-AD0BF5EECCED}.Debug|Any CPU.ActiveCfg = Debug|Any CPU
		{4B724137-A1B2-46A2-93AB-AD0BF5EECCED}.Debug|Any CPU.Build.0 = Debug|Any CPU
		{4B724137-A1B2-46A2-93AB-AD0BF5EECCED}.Release|Any CPU.ActiveCfg = Release|Any CPU
		{4B724137-A1B2-46A2-93AB-AD0BF5EECCED}.Release|Any CPU.Build.0 = Release|Any CPU
	EndGlobalSection
	GlobalSection(SolutionProperties) = preSolution
		HideSolutionNode = FALSE
	EndGlobalSection
	GlobalSection(NestedProjects) = preSolution
		{B375229D-DFA4-4864-B19D-E2C692C130C7} = {E75F3C34-EF82-4A73-8250-955534503FF1}
		{3E04E8D7-DCB4-404A-A797-61EA21C88561} = {A3EC6D96-628C-4014-9AC3-1E3D125EC6B8}
		{63DD7F2B-5BBA-4015-AEAC-20AF389C7590} = {A3EC6D96-628C-4014-9AC3-1E3D125EC6B8}
		{522D0563-A7D7-4288-8462-39AD3FE89240} = {3E04E8D7-DCB4-404A-A797-61EA21C88561}
		{86B1C7A7-A3A1-4432-9370-60990AF0CA7A} = {63DD7F2B-5BBA-4015-AEAC-20AF389C7590}
		{C2F53FDE-D3B5-4847-BA9A-8F55EF7D3A20} = {AF6B19AF-3D9D-41B8-AAAB-DFF410FD7047}
		{1703AB85-3A6D-43E7-B339-D81FE77EF015} = {63DD7F2B-5BBA-4015-AEAC-20AF389C7590}
		{02D78F6D-234F-4C30-AF57-F8D9FC33DDB4} = {C3D86C67-1842-4049-846B-DAE66CF5DD58}
		{4B724137-A1B2-46A2-93AB-AD0BF5EECCED} = {1E20DF55-C553-46EE-8101-F16AB68744E4}
	EndGlobalSection
EndGlobal
